
Microsoft Visual Studio Solution File, Format Version 12.00
# Visual Studio Version 17
VisualStudioVersion = 17.3.32825.248
MinimumVisualStudioVersion = 10.0.40219.1
Project("{8BC9CEB8-8B4A-11D0-8D11-00A0C91BC942}") = "LABA 8", "LABA 8\LABA 8.vcxproj", "{662170CF-5C32-4386-834C-69FFD2D3E472}"
EndProject
Global
	GlobalSection(SolutionConfigurationPlatforms) = preSolution
		Debug|x64 = Debug|x64
		Debug|x86 = Debug|x86
		Release|x64 = Release|x64
		Release|x86 = Release|x86
	EndGlobalSection
	GlobalSection(ProjectConfigurationPlatforms) = postSolution
		{662170CF-5C32-4386-834C-69FFD2D3E472}.Debug|x64.ActiveCfg = Debug|x64
		{662170CF-5C32-4386-834C-69FFD2D3E472}.Debug|x64.Build.0 = Debug|x64
		{662170CF-5C32-4386-834C-69FFD2D3E472}.Debug|x86.ActiveCfg = Debug|Win32
		{662170CF-5C32-4386-834C-69FFD2D3E472}.Debug|x86.Build.0 = Debug|Win32
		{662170CF-5C32-4386-834C-69FFD2D3E472}.Release|x64.ActiveCfg = Release|x64
		{662170CF-5C32-4386-834C-69FFD2D3E472}.Release|x64.Build.0 = Release|x64
		{662170CF-5C32-4386-834C-69FFD2D3E472}.Release|x86.ActiveCfg = Release|Win32
		{662170CF-5C32-4386-834C-69FFD2D3E472}.Release|x86.Build.0 = Release|Win32
	EndGlobalSection
	GlobalSection(SolutionProperties) = preSolution
		HideSolutionNode = FALSE
	EndGlobalSection
	GlobalSection(ExtensibilityGlobals) = postSolution
		SolutionGuid = {2247971A-79A1-47A1-A039-1904D60F49E3}
	EndGlobalSection
EndGlobal
