
Microsoft Visual Studio Solution File, Format Version 12.00
# Visual Studio Version 17
VisualStudioVersion = 17.3.32825.248
MinimumVisualStudioVersion = 10.0.40219.1
Project("{8BC9CEB8-8B4A-11D0-8D11-00A0C91BC942}") = "lab3.2", "lab3.2\lab3.2.vcxproj", "{48E7B85A-A195-4914-96C8-61FE1F989A39}"
EndProject
Global
	GlobalSection(SolutionConfigurationPlatforms) = preSolution
		Debug|x64 = Debug|x64
		Debug|x86 = Debug|x86
		Release|x64 = Release|x64
		Release|x86 = Release|x86
	EndGlobalSection
	GlobalSection(ProjectConfigurationPlatforms) = postSolution
		{48E7B85A-A195-4914-96C8-61FE1F989A39}.Debug|x64.ActiveCfg = Debug|x64
		{48E7B85A-A195-4914-96C8-61FE1F989A39}.Debug|x64.Build.0 = Debug|x64
		{48E7B85A-A195-4914-96C8-61FE1F989A39}.Debug|x86.ActiveCfg = Debug|Win32
		{48E7B85A-A195-4914-96C8-61FE1F989A39}.Debug|x86.Build.0 = Debug|Win32
		{48E7B85A-A195-4914-96C8-61FE1F989A39}.Release|x64.ActiveCfg = Release|x64
		{48E7B85A-A195-4914-96C8-61FE1F989A39}.Release|x64.Build.0 = Release|x64
		{48E7B85A-A195-4914-96C8-61FE1F989A39}.Release|x86.ActiveCfg = Release|Win32
		{48E7B85A-A195-4914-96C8-61FE1F989A39}.Release|x86.Build.0 = Release|Win32
	EndGlobalSection
	GlobalSection(SolutionProperties) = preSolution
		HideSolutionNode = FALSE
	EndGlobalSection
	GlobalSection(ExtensibilityGlobals) = postSolution
		SolutionGuid = {C8C5CD19-E363-4CD2-91A1-61A4CE577BA4}
	EndGlobalSection
EndGlobal
