
Microsoft Visual Studio Solution File, Format Version 12.00
# Visual Studio Version 17
VisualStudioVersion = 17.3.32825.248
MinimumVisualStudioVersion = 10.0.40219.1
Project("{8BC9CEB8-8B4A-11D0-8D11-00A0C91BC942}") = "lab4(sem2)", "lab4(sem2)\lab4(sem2).vcxproj", "{FDE4121E-74AA-46F9-A1D4-0F9D9AAED46C}"
EndProject
Global
	GlobalSection(SolutionConfigurationPlatforms) = preSolution
		Debug|x64 = Debug|x64
		Debug|x86 = Debug|x86
		Release|x64 = Release|x64
		Release|x86 = Release|x86
	EndGlobalSection
	GlobalSection(ProjectConfigurationPlatforms) = postSolution
		{FDE4121E-74AA-46F9-A1D4-0F9D9AAED46C}.Debug|x64.ActiveCfg = Debug|x64
		{FDE4121E-74AA-46F9-A1D4-0F9D9AAED46C}.Debug|x64.Build.0 = Debug|x64
		{FDE4121E-74AA-46F9-A1D4-0F9D9AAED46C}.Debug|x86.ActiveCfg = Debug|Win32
		{FDE4121E-74AA-46F9-A1D4-0F9D9AAED46C}.Debug|x86.Build.0 = Debug|Win32
		{FDE4121E-74AA-46F9-A1D4-0F9D9AAED46C}.Release|x64.ActiveCfg = Release|x64
		{FDE4121E-74AA-46F9-A1D4-0F9D9AAED46C}.Release|x64.Build.0 = Release|x64
		{FDE4121E-74AA-46F9-A1D4-0F9D9AAED46C}.Release|x86.ActiveCfg = Release|Win32
		{FDE4121E-74AA-46F9-A1D4-0F9D9AAED46C}.Release|x86.Build.0 = Release|Win32
	EndGlobalSection
	GlobalSection(SolutionProperties) = preSolution
		HideSolutionNode = FALSE
	EndGlobalSection
	GlobalSection(ExtensibilityGlobals) = postSolution
		SolutionGuid = {2E3FD0B5-848D-48A2-930F-1D27C74B8F35}
	EndGlobalSection
EndGlobal
